
Microsoft Visual Studio Solution File, Format Version 12.00
# Visual Studio Version 16
VisualStudioVersion = 16.0.31402.337
MinimumVisualStudioVersion = 10.0.40219.1
Project("{FAE04EC0-301F-11D3-BF4B-00C04F79EFBC}") = "PrimeCalculator", "PrimeCalculator\PrimeCalculator.csproj", "{D9F86878-BF2E-4630-B068-80AB8C20027E}"
EndProject
Global
	GlobalSection(SolutionConfigurationPlatforms) = preSolution
		Debug|Any CPU = Debug|Any CPU
		Release|Any CPU = Release|Any CPU
	EndGlobalSection
	GlobalSection(ProjectConfigurationPlatforms) = postSolution
		{D9F86878-BF2E-4630-B068-80AB8C20027E}.Debug|Any CPU.ActiveCfg = Debug|Any CPU
		{D9F86878-BF2E-4630-B068-80AB8C20027E}.Debug|Any CPU.Build.0 = Debug|Any CPU
		{D9F86878-BF2E-4630-B068-80AB8C20027E}.Release|Any CPU.ActiveCfg = Release|Any CPU
		{D9F86878-BF2E-4630-B068-80AB8C20027E}.Release|Any CPU.Build.0 = Release|Any CPU
	EndGlobalSection
	GlobalSection(SolutionProperties) = preSolution
		HideSolutionNode = FALSE
	EndGlobalSection
	GlobalSection(ExtensibilityGlobals) = postSolution
		SolutionGuid = {C05C1026-5DAA-4346-A80B-FBEEF6953CAE}
	EndGlobalSection
EndGlobal
